# THIS IS AN AUTOGENERATED FILE. DO NOT EDIT THIS FILE DIRECTLY.
# yarn lockfile v1


"@types/ramda@^0.0.10":
  version "0.0.10"
  resolved "https://registry.yarnpkg.com/@types/ramda/-/ramda-0.0.10.tgz#b3627f8b8a2413ac51d768440f5e836943f9649e"

ramda@^0.23.0:
  version "0.23.0"
  resolved "https://registry.yarnpkg.com/ramda/-/ramda-0.23.0.tgz#ccd13fff73497a93974e3e86327bfd87bd6e8e2b"
